// !$*UTF8*$!
{
	archiveVersion = 1;
	classes = {
	};
	objectVersion = 56;
	objects = {

/* Begin PBXBuildFile section */
		8852694C2964DB05008A4963 /* Color+Extensions.swift in Sources */ = {isa = PBXBuildFile; fileRef = 8852694B2964DB05008A4963 /* Color+Extensions.swift */; };
		8852694E2964DB2E008A4963 /* BottomBarItemView.swift in Sources */ = {isa = PBXBuildFile; fileRef = 8852694D2964DB2E008A4963 /* BottomBarItemView.swift */; };
		885269502964DB9E008A4963 /* BottomBarItem.swift in Sources */ = {isa = PBXBuildFile; fileRef = 8852694F2964DB9E008A4963 /* BottomBarItem.swift */; };
		8852695F2964FB5E008A4963 /* BottomBar.swift in Sources */ = {isa = PBXBuildFile; fileRef = 8852695E2964FB5E008A4963 /* BottomBar.swift */; };
		885269672964FC66008A4963 /* CustomTabBarTests.swift in Sources */ = {isa = PBXBuildFile; fileRef = 885269662964FC66008A4963 /* CustomTabBarTests.swift */; };
		8888ED86296878B700D1984D /* MainButton.swift in Sources */ = {isa = PBXBuildFile; fileRef = 8888ED85296878B700D1984D /* MainButton.swift */; };
		8888ED8A2968A63600D1984D /* PrimaryStyle.swift in Sources */ = {isa = PBXBuildFile; fileRef = 8888ED892968A63600D1984D /* PrimaryStyle.swift */; };
		8888ED8C2968A67200D1984D /* SecondaryStyle.swift in Sources */ = {isa = PBXBuildFile; fileRef = 8888ED8B2968A67200D1984D /* SecondaryStyle.swift */; };
		8888ED8E2968A6D600D1984D /* TertiaryStyle.swift in Sources */ = {isa = PBXBuildFile; fileRef = 8888ED8D2968A6D600D1984D /* TertiaryStyle.swift */; };
		8888ED912969635500D1984D /* ButtonConsoleView.swift in Sources */ = {isa = PBXBuildFile; fileRef = 8888ED902969635500D1984D /* ButtonConsoleView.swift */; };
		8888ED942969643D00D1984D /* ComposableArchitecture in Frameworks */ = {isa = PBXBuildFile; productRef = 8888ED932969643D00D1984D /* ComposableArchitecture */; };
		8888ED962969643D00D1984D /* Dependencies in Frameworks */ = {isa = PBXBuildFile; productRef = 8888ED952969643D00D1984D /* Dependencies */; };
		8888ED9E2969755D00D1984D /* View+Extensions.swift in Sources */ = {isa = PBXBuildFile; fileRef = 8888ED9D2969755D00D1984D /* View+Extensions.swift */; };
		8888EDA729698D6700D1984D /* DashboardView.swift in Sources */ = {isa = PBXBuildFile; fileRef = 8888EDA629698D6700D1984D /* DashboardView.swift */; };
		8888EDAA29698EE000D1984D /* InputView.swift in Sources */ = {isa = PBXBuildFile; fileRef = 8888EDA929698EE000D1984D /* InputView.swift */; };
		8888EDAC2969985A00D1984D /* InputConsoleView.swift in Sources */ = {isa = PBXBuildFile; fileRef = 8888EDAB2969985A00D1984D /* InputConsoleView.swift */; };
		8888EDAF296ACD6400D1984D /* InputType.swift in Sources */ = {isa = PBXBuildFile; fileRef = 8888EDAE296ACD6400D1984D /* InputType.swift */; };
		8888EDB1296ACF5400D1984D /* ButtonConsole.swift in Sources */ = {isa = PBXBuildFile; fileRef = 8888EDB0296ACF5400D1984D /* ButtonConsole.swift */; };
		8888EDB4296ACFA800D1984D /* InputConsole.swift in Sources */ = {isa = PBXBuildFile; fileRef = 8888EDB3296ACFA800D1984D /* InputConsole.swift */; };
		8888EDB7296AD45900D1984D /* InputConsoleView+Bindings.swift in Sources */ = {isa = PBXBuildFile; fileRef = 8888EDB6296AD45900D1984D /* InputConsoleView+Bindings.swift */; };
		8888EDBA296AE38000D1984D /* ControllerItemView.swift in Sources */ = {isa = PBXBuildFile; fileRef = 8888EDB9296AE38000D1984D /* ControllerItemView.swift */; };
		8888EDBD296AED2F00D1984D /* ControllerType.swift in Sources */ = {isa = PBXBuildFile; fileRef = 8888EDBC296AED2F00D1984D /* ControllerType.swift */; };
		8888EDBF296AF25500D1984D /* ControllerView.swift in Sources */ = {isa = PBXBuildFile; fileRef = 8888EDBE296AF25500D1984D /* ControllerView.swift */; };
		8888EDC1296C260A00D1984D /* IconButton.swift in Sources */ = {isa = PBXBuildFile; fileRef = 8888EDC0296C260A00D1984D /* IconButton.swift */; };
		8888EDC7296CC0F900D1984D /* Controller.swift in Sources */ = {isa = PBXBuildFile; fileRef = 8888EDC6296CC0F900D1984D /* Controller.swift */; };
		8888EDCA296CC3B900D1984D /* ControllerConsole.swift in Sources */ = {isa = PBXBuildFile; fileRef = 8888EDC9296CC3B900D1984D /* ControllerConsole.swift */; };
		8888EDCC296CC3C600D1984D /* ControllerConsoleView.swift in Sources */ = {isa = PBXBuildFile; fileRef = 8888EDCB296CC3C600D1984D /* ControllerConsoleView.swift */; };
		88B3445D2964936700ADE021 /* CustomTabBarApp.swift in Sources */ = {isa = PBXBuildFile; fileRef = 88B3445C2964936700ADE021 /* CustomTabBarApp.swift */; };
		88B3445F2964936700ADE021 /* BottomBarView.swift in Sources */ = {isa = PBXBuildFile; fileRef = 88B3445E2964936700ADE021 /* BottomBarView.swift */; };
		88B344612964936C00ADE021 /* Assets.xcassets in Resources */ = {isa = PBXBuildFile; fileRef = 88B344602964936C00ADE021 /* Assets.xcassets */; };
		88B344652964936C00ADE021 /* Preview Assets.xcassets in Resources */ = {isa = PBXBuildFile; fileRef = 88B344642964936C00ADE021 /* Preview Assets.xcassets */; };
/* End PBXBuildFile section */

/* Begin PBXContainerItemProxy section */
		885269682964FC66008A4963 /* PBXContainerItemProxy */ = {
			isa = PBXContainerItemProxy;
			containerPortal = 88B344512964936700ADE021 /* Project object */;
			proxyType = 1;
			remoteGlobalIDString = 88B344582964936700ADE021;
			remoteInfo = CustomTabBar;
		};
/* End PBXContainerItemProxy section */

/* Begin PBXFileReference section */
		8852694B2964DB05008A4963 /* Color+Extensions.swift */ = {isa = PBXFileReference; lastKnownFileType = sourcecode.swift; path = "Color+Extensions.swift"; sourceTree = "<group>"; };
		8852694D2964DB2E008A4963 /* BottomBarItemView.swift */ = {isa = PBXFileReference; lastKnownFileType = sourcecode.swift; path = BottomBarItemView.swift; sourceTree = "<group>"; };
		8852694F2964DB9E008A4963 /* BottomBarItem.swift */ = {isa = PBXFileReference; lastKnownFileType = sourcecode.swift; path = BottomBarItem.swift; sourceTree = "<group>"; };
		8852695E2964FB5E008A4963 /* BottomBar.swift */ = {isa = PBXFileReference; lastKnownFileType = sourcecode.swift; path = BottomBar.swift; sourceTree = "<group>"; };
		885269642964FC66008A4963 /* CustomTabBarTests.xctest */ = {isa = PBXFileReference; explicitFileType = wrapper.cfbundle; includeInIndex = 0; path = CustomTabBarTests.xctest; sourceTree = BUILT_PRODUCTS_DIR; };
		885269662964FC66008A4963 /* CustomTabBarTests.swift */ = {isa = PBXFileReference; lastKnownFileType = sourcecode.swift; path = CustomTabBarTests.swift; sourceTree = "<group>"; };
		8888ED85296878B700D1984D /* MainButton.swift */ = {isa = PBXFileReference; lastKnownFileType = sourcecode.swift; path = MainButton.swift; sourceTree = "<group>"; };
		8888ED892968A63600D1984D /* PrimaryStyle.swift */ = {isa = PBXFileReference; lastKnownFileType = sourcecode.swift; path = PrimaryStyle.swift; sourceTree = "<group>"; };
		8888ED8B2968A67200D1984D /* SecondaryStyle.swift */ = {isa = PBXFileReference; lastKnownFileType = sourcecode.swift; path = SecondaryStyle.swift; sourceTree = "<group>"; };
		8888ED8D2968A6D600D1984D /* TertiaryStyle.swift */ = {isa = PBXFileReference; lastKnownFileType = sourcecode.swift; path = TertiaryStyle.swift; sourceTree = "<group>"; };
		8888ED902969635500D1984D /* ButtonConsoleView.swift */ = {isa = PBXFileReference; lastKnownFileType = sourcecode.swift; path = ButtonConsoleView.swift; sourceTree = "<group>"; };
		8888ED9D2969755D00D1984D /* View+Extensions.swift */ = {isa = PBXFileReference; lastKnownFileType = sourcecode.swift; path = "View+Extensions.swift"; sourceTree = "<group>"; };
		8888EDA629698D6700D1984D /* DashboardView.swift */ = {isa = PBXFileReference; lastKnownFileType = sourcecode.swift; path = DashboardView.swift; sourceTree = "<group>"; };
		8888EDA929698EE000D1984D /* InputView.swift */ = {isa = PBXFileReference; lastKnownFileType = sourcecode.swift; path = InputView.swift; sourceTree = "<group>"; };
		8888EDAB2969985A00D1984D /* InputConsoleView.swift */ = {isa = PBXFileReference; lastKnownFileType = sourcecode.swift; path = InputConsoleView.swift; sourceTree = "<group>"; };
		8888EDAE296ACD6400D1984D /* InputType.swift */ = {isa = PBXFileReference; lastKnownFileType = sourcecode.swift; path = InputType.swift; sourceTree = "<group>"; };
		8888EDB0296ACF5400D1984D /* ButtonConsole.swift */ = {isa = PBXFileReference; lastKnownFileType = sourcecode.swift; path = ButtonConsole.swift; sourceTree = "<group>"; };
		8888EDB3296ACFA800D1984D /* InputConsole.swift */ = {isa = PBXFileReference; lastKnownFileType = sourcecode.swift; path = InputConsole.swift; sourceTree = "<group>"; };
		8888EDB6296AD45900D1984D /* InputConsoleView+Bindings.swift */ = {isa = PBXFileReference; lastKnownFileType = sourcecode.swift; path = "InputConsoleView+Bindings.swift"; sourceTree = "<group>"; };
		8888EDB9296AE38000D1984D /* ControllerItemView.swift */ = {isa = PBXFileReference; lastKnownFileType = sourcecode.swift; path = ControllerItemView.swift; sourceTree = "<group>"; };
		8888EDBC296AED2F00D1984D /* ControllerType.swift */ = {isa = PBXFileReference; lastKnownFileType = sourcecode.swift; path = ControllerType.swift; sourceTree = "<group>"; };
		8888EDBE296AF25500D1984D /* ControllerView.swift */ = {isa = PBXFileReference; lastKnownFileType = sourcecode.swift; path = ControllerView.swift; sourceTree = "<group>"; };
		8888EDC0296C260A00D1984D /* IconButton.swift */ = {isa = PBXFileReference; lastKnownFileType = sourcecode.swift; path = IconButton.swift; sourceTree = "<group>"; };
		8888EDC6296CC0F900D1984D /* Controller.swift */ = {isa = PBXFileReference; lastKnownFileType = sourcecode.swift; path = Controller.swift; sourceTree = "<group>"; };
		8888EDC9296CC3B900D1984D /* ControllerConsole.swift */ = {isa = PBXFileReference; lastKnownFileType = sourcecode.swift; path = ControllerConsole.swift; sourceTree = "<group>"; };
		8888EDCB296CC3C600D1984D /* ControllerConsoleView.swift */ = {isa = PBXFileReference; lastKnownFileType = sourcecode.swift; path = ControllerConsoleView.swift; sourceTree = "<group>"; };
		88B344592964936700ADE021 /* CustomTabBar.app */ = {isa = PBXFileReference; explicitFileType = wrapper.application; includeInIndex = 0; path = CustomTabBar.app; sourceTree = BUILT_PRODUCTS_DIR; };
		88B3445C2964936700ADE021 /* CustomTabBarApp.swift */ = {isa = PBXFileReference; lastKnownFileType = sourcecode.swift; path = CustomTabBarApp.swift; sourceTree = "<group>"; };
		88B3445E2964936700ADE021 /* BottomBarView.swift */ = {isa = PBXFileReference; lastKnownFileType = sourcecode.swift; path = BottomBarView.swift; sourceTree = "<group>"; };
		88B344602964936C00ADE021 /* Assets.xcassets */ = {isa = PBXFileReference; lastKnownFileType = folder.assetcatalog; path = Assets.xcassets; sourceTree = "<group>"; };
		88B344622964936C00ADE021 /* CustomTabBar.entitlements */ = {isa = PBXFileReference; lastKnownFileType = text.plist.entitlements; path = CustomTabBar.entitlements; sourceTree = "<group>"; };
		88B344642964936C00ADE021 /* Preview Assets.xcassets */ = {isa = PBXFileReference; lastKnownFileType = folder.assetcatalog; path = "Preview Assets.xcassets"; sourceTree = "<group>"; };
/* End PBXFileReference section */

/* Begin PBXFrameworksBuildPhase section */
		885269612964FC66008A4963 /* Frameworks */ = {
			isa = PBXFrameworksBuildPhase;
			buildActionMask = 2147483647;
			files = (
			);
			runOnlyForDeploymentPostprocessing = 0;
		};
		88B344562964936700ADE021 /* Frameworks */ = {
			isa = PBXFrameworksBuildPhase;
			buildActionMask = 2147483647;
			files = (
				8888ED962969643D00D1984D /* Dependencies in Frameworks */,
				8888ED942969643D00D1984D /* ComposableArchitecture in Frameworks */,
			);
			runOnlyForDeploymentPostprocessing = 0;
		};
/* End PBXFrameworksBuildPhase section */

/* Begin PBXGroup section */
		885269652964FC66008A4963 /* CustomTabBarTests */ = {
			isa = PBXGroup;
			children = (
				885269662964FC66008A4963 /* CustomTabBarTests.swift */,
			);
			path = CustomTabBarTests;
			sourceTree = "<group>";
		};
		8888ED872968A5F100D1984D /* MainButton */ = {
			isa = PBXGroup;
			children = (
				8888ED9C2969752800D1984D /* Extensions */,
				8888ED8F2968A74C00D1984D /* Style */,
				8888ED85296878B700D1984D /* MainButton.swift */,
				8888EDC0296C260A00D1984D /* IconButton.swift */,
			);
			path = MainButton;
			sourceTree = "<group>";
		};
		8888ED8F2968A74C00D1984D /* Style */ = {
			isa = PBXGroup;
			children = (
				8888ED892968A63600D1984D /* PrimaryStyle.swift */,
				8888ED8B2968A67200D1984D /* SecondaryStyle.swift */,
				8888ED8D2968A6D600D1984D /* TertiaryStyle.swift */,
			);
			path = Style;
			sourceTree = "<group>";
		};
		8888ED97296974A100D1984D /* Dashboard */ = {
			isa = PBXGroup;
			children = (
				8888EDA629698D6700D1984D /* DashboardView.swift */,
			);
			path = Dashboard;
			sourceTree = "<group>";
		};
		8888ED98296974AB00D1984D /* Components */ = {
			isa = PBXGroup;
			children = (
				8852694D2964DB2E008A4963 /* BottomBarItemView.swift */,
			);
			path = Components;
			sourceTree = "<group>";
		};
		8888ED99296974C700D1984D /* Model */ = {
			isa = PBXGroup;
			children = (
				8852694F2964DB9E008A4963 /* BottomBarItem.swift */,
			);
			path = Model;
			sourceTree = "<group>";
		};
		8888ED9A296974E300D1984D /* View */ = {
			isa = PBXGroup;
			children = (
				8888ED98296974AB00D1984D /* Components */,
				88B3445E2964936700ADE021 /* BottomBarView.swift */,
			);
			path = View;
			sourceTree = "<group>";
		};
		8888ED9B2969750C00D1984D /* Extensions */ = {
			isa = PBXGroup;
			children = (
				8852694B2964DB05008A4963 /* Color+Extensions.swift */,
			);
			path = Extensions;
			sourceTree = "<group>";
		};
		8888ED9C2969752800D1984D /* Extensions */ = {
			isa = PBXGroup;
			children = (
				8888ED9D2969755D00D1984D /* View+Extensions.swift */,
			);
			path = Extensions;
			sourceTree = "<group>";
		};
		8888ED9F296975AA00D1984D /* Resources */ = {
			isa = PBXGroup;
			children = (
				88B344602964936C00ADE021 /* Assets.xcassets */,
			);
			path = Resources;
			sourceTree = "<group>";
		};
		8888EDA0296975C400D1984D /* DesignSystem */ = {
			isa = PBXGroup;
			children = (
				8888EDA529698C9000D1984D /* BottomBar */,
				8888EDA2296975E500D1984D /* Button */,
				8888EDB8296AE22300D1984D /* Controller */,
				8888EDA829698EAA00D1984D /* Input */,
			);
			path = DesignSystem;
			sourceTree = "<group>";
		};
		8888EDA2296975E500D1984D /* Button */ = {
			isa = PBXGroup;
			children = (
				8888ED872968A5F100D1984D /* MainButton */,
			);
			path = Button;
			sourceTree = "<group>";
		};
		8888EDA3296975F100D1984D /* DeveloperConsole */ = {
			isa = PBXGroup;
			children = (
				8888EDC8296CC2EA00D1984D /* ControllerConsole */,
				8888EDB2296ACF9500D1984D /* ButtonConsole */,
				8888EDB5296AD42C00D1984D /* InputConsole */,
			);
			path = DeveloperConsole;
			sourceTree = "<group>";
		};
		8888EDA42969760700D1984D /* Scene */ = {
			isa = PBXGroup;
			children = (
				8888ED97296974A100D1984D /* Dashboard */,
				8888EDA3296975F100D1984D /* DeveloperConsole */,
			);
			path = Scene;
			sourceTree = "<group>";
		};
		8888EDA529698C9000D1984D /* BottomBar */ = {
			isa = PBXGroup;
			children = (
				8888ED99296974C700D1984D /* Model */,
				8888ED9A296974E300D1984D /* View */,
				8852695E2964FB5E008A4963 /* BottomBar.swift */,
			);
			path = BottomBar;
			sourceTree = "<group>";
		};
		8888EDA829698EAA00D1984D /* Input */ = {
			isa = PBXGroup;
			children = (
				8888EDAD296ACD5500D1984D /* Model */,
				8888EDA929698EE000D1984D /* InputView.swift */,
			);
			path = Input;
			sourceTree = "<group>";
		};
		8888EDAD296ACD5500D1984D /* Model */ = {
			isa = PBXGroup;
			children = (
				8888EDAE296ACD6400D1984D /* InputType.swift */,
			);
			path = Model;
			sourceTree = "<group>";
		};
		8888EDB2296ACF9500D1984D /* ButtonConsole */ = {
			isa = PBXGroup;
			children = (
				8888ED902969635500D1984D /* ButtonConsoleView.swift */,
				8888EDB0296ACF5400D1984D /* ButtonConsole.swift */,
			);
			path = ButtonConsole;
			sourceTree = "<group>";
		};
		8888EDB5296AD42C00D1984D /* InputConsole */ = {
			isa = PBXGroup;
			children = (
				8888EDAB2969985A00D1984D /* InputConsoleView.swift */,
				8888EDB3296ACFA800D1984D /* InputConsole.swift */,
				8888EDB6296AD45900D1984D /* InputConsoleView+Bindings.swift */,
			);
			path = InputConsole;
			sourceTree = "<group>";
		};
		8888EDB8296AE22300D1984D /* Controller */ = {
			isa = PBXGroup;
			children = (
				8888EDBB296AED1E00D1984D /* Model */,
				8888EDD1296D94B600D1984D /* ControllerItem */,
				8888EDBE296AF25500D1984D /* ControllerView.swift */,
				8888EDC6296CC0F900D1984D /* Controller.swift */,
			);
			path = Controller;
			sourceTree = "<group>";
		};
		8888EDBB296AED1E00D1984D /* Model */ = {
			isa = PBXGroup;
			children = (
				8888EDBC296AED2F00D1984D /* ControllerType.swift */,
			);
			path = Model;
			sourceTree = "<group>";
		};
		8888EDC8296CC2EA00D1984D /* ControllerConsole */ = {
			isa = PBXGroup;
			children = (
				8888EDC9296CC3B900D1984D /* ControllerConsole.swift */,
				8888EDCB296CC3C600D1984D /* ControllerConsoleView.swift */,
			);
			path = ControllerConsole;
			sourceTree = "<group>";
		};
		8888EDD1296D94B600D1984D /* ControllerItem */ = {
			isa = PBXGroup;
			children = (
				8888EDB9296AE38000D1984D /* ControllerItemView.swift */,
			);
			path = ControllerItem;
			sourceTree = "<group>";
		};
		88B344502964936700ADE021 = {
			isa = PBXGroup;
			children = (
				88B3445B2964936700ADE021 /* CustomTabBar */,
				885269652964FC66008A4963 /* CustomTabBarTests */,
				88B3445A2964936700ADE021 /* Products */,
			);
			sourceTree = "<group>";
		};
		88B3445A2964936700ADE021 /* Products */ = {
			isa = PBXGroup;
			children = (
				88B344592964936700ADE021 /* CustomTabBar.app */,
				885269642964FC66008A4963 /* CustomTabBarTests.xctest */,
			);
			name = Products;
			sourceTree = "<group>";
		};
		88B3445B2964936700ADE021 /* CustomTabBar */ = {
			isa = PBXGroup;
			children = (
				88B344622964936C00ADE021 /* CustomTabBar.entitlements */,
				88B3445C2964936700ADE021 /* CustomTabBarApp.swift */,
				8888EDA0296975C400D1984D /* DesignSystem */,
				8888ED9B2969750C00D1984D /* Extensions */,
				88B344632964936C00ADE021 /* Preview Content */,
				8888ED9F296975AA00D1984D /* Resources */,
				8888EDA42969760700D1984D /* Scene */,
			);
			path = CustomTabBar;
			sourceTree = "<group>";
		};
		88B344632964936C00ADE021 /* Preview Content */ = {
			isa = PBXGroup;
			children = (
				88B344642964936C00ADE021 /* Preview Assets.xcassets */,
			);
			path = "Preview Content";
			sourceTree = "<group>";
		};
/* End PBXGroup section */

/* Begin PBXNativeTarget section */
		885269632964FC66008A4963 /* CustomTabBarTests */ = {
			isa = PBXNativeTarget;
			buildConfigurationList = 8852696A2964FC66008A4963 /* Build configuration list for PBXNativeTarget "CustomTabBarTests" */;
			buildPhases = (
				885269602964FC66008A4963 /* Sources */,
				885269612964FC66008A4963 /* Frameworks */,
				885269622964FC66008A4963 /* Resources */,
			);
			buildRules = (
			);
			dependencies = (
				885269692964FC66008A4963 /* PBXTargetDependency */,
			);
			name = CustomTabBarTests;
			productName = CustomTabBarTests;
			productReference = 885269642964FC66008A4963 /* CustomTabBarTests.xctest */;
			productType = "com.apple.product-type.bundle.unit-test";
		};
		88B344582964936700ADE021 /* CustomTabBar */ = {
			isa = PBXNativeTarget;
			buildConfigurationList = 88B344682964936C00ADE021 /* Build configuration list for PBXNativeTarget "CustomTabBar" */;
			buildPhases = (
				88B344552964936700ADE021 /* Sources */,
				88B344562964936700ADE021 /* Frameworks */,
				88B344572964936700ADE021 /* Resources */,
			);
			buildRules = (
			);
			dependencies = (
			);
			name = CustomTabBar;
			packageProductDependencies = (
				8888ED932969643D00D1984D /* ComposableArchitecture */,
				8888ED952969643D00D1984D /* Dependencies */,
			);
			productName = CustomTabBar;
			productReference = 88B344592964936700ADE021 /* CustomTabBar.app */;
			productType = "com.apple.product-type.application";
		};
/* End PBXNativeTarget section */

/* Begin PBXProject section */
		88B344512964936700ADE021 /* Project object */ = {
			isa = PBXProject;
			attributes = {
				BuildIndependentTargetsInParallel = 1;
				LastSwiftUpdateCheck = 1420;
				LastUpgradeCheck = 1420;
				TargetAttributes = {
					885269632964FC66008A4963 = {
						CreatedOnToolsVersion = 14.2;
						TestTargetID = 88B344582964936700ADE021;
					};
					88B344582964936700ADE021 = {
						CreatedOnToolsVersion = 14.2;
					};
				};
			};
			buildConfigurationList = 88B344542964936700ADE021 /* Build configuration list for PBXProject "CustomTabBar" */;
			compatibilityVersion = "Xcode 14.0";
			developmentRegion = en;
			hasScannedForEncodings = 0;
			knownRegions = (
				en,
				Base,
			);
			mainGroup = 88B344502964936700ADE021;
			packageReferences = (
				8888ED922969643D00D1984D /* XCRemoteSwiftPackageReference "swift-composable-architecture" */,
			);
			productRefGroup = 88B3445A2964936700ADE021 /* Products */;
			projectDirPath = "";
			projectRoot = "";
			targets = (
				88B344582964936700ADE021 /* CustomTabBar */,
				885269632964FC66008A4963 /* CustomTabBarTests */,
			);
		};
/* End PBXProject section */

/* Begin PBXResourcesBuildPhase section */
		885269622964FC66008A4963 /* Resources */ = {
			isa = PBXResourcesBuildPhase;
			buildActionMask = 2147483647;
			files = (
			);
			runOnlyForDeploymentPostprocessing = 0;
		};
		88B344572964936700ADE021 /* Resources */ = {
			isa = PBXResourcesBuildPhase;
			buildActionMask = 2147483647;
			files = (
				88B344652964936C00ADE021 /* Preview Assets.xcassets in Resources */,
				88B344612964936C00ADE021 /* Assets.xcassets in Resources */,
			);
			runOnlyForDeploymentPostprocessing = 0;
		};
/* End PBXResourcesBuildPhase section */

/* Begin PBXSourcesBuildPhase section */
		885269602964FC66008A4963 /* Sources */ = {
			isa = PBXSourcesBuildPhase;
			buildActionMask = 2147483647;
			files = (
				885269672964FC66008A4963 /* CustomTabBarTests.swift in Sources */,
			);
			runOnlyForDeploymentPostprocessing = 0;
		};
		88B344552964936700ADE021 /* Sources */ = {
			isa = PBXSourcesBuildPhase;
			buildActionMask = 2147483647;
			files = (
				88B3445F2964936700ADE021 /* BottomBarView.swift in Sources */,
				8888EDAA29698EE000D1984D /* InputView.swift in Sources */,
				8852694E2964DB2E008A4963 /* BottomBarItemView.swift in Sources */,
				8888ED8A2968A63600D1984D /* PrimaryStyle.swift in Sources */,
				8888ED86296878B700D1984D /* MainButton.swift in Sources */,
				8852695F2964FB5E008A4963 /* BottomBar.swift in Sources */,
				885269502964DB9E008A4963 /* BottomBarItem.swift in Sources */,
				88B3445D2964936700ADE021 /* CustomTabBarApp.swift in Sources */,
				8888ED912969635500D1984D /* ButtonConsoleView.swift in Sources */,
				8888EDBA296AE38000D1984D /* ControllerItemView.swift in Sources */,
				8852694C2964DB05008A4963 /* Color+Extensions.swift in Sources */,
				8888ED8C2968A67200D1984D /* SecondaryStyle.swift in Sources */,
				8888EDCA296CC3B900D1984D /* ControllerConsole.swift in Sources */,
				8888ED9E2969755D00D1984D /* View+Extensions.swift in Sources */,
				8888EDB4296ACFA800D1984D /* InputConsole.swift in Sources */,
				8888EDAF296ACD6400D1984D /* InputType.swift in Sources */,
				8888EDC7296CC0F900D1984D /* Controller.swift in Sources */,
				8888EDC1296C260A00D1984D /* IconButton.swift in Sources */,
				8888EDCC296CC3C600D1984D /* ControllerConsoleView.swift in Sources */,
				8888EDB1296ACF5400D1984D /* ButtonConsole.swift in Sources */,
				8888EDAC2969985A00D1984D /* InputConsoleView.swift in Sources */,
				8888EDA729698D6700D1984D /* DashboardView.swift in Sources */,
				8888EDBD296AED2F00D1984D /* ControllerType.swift in Sources */,
				8888ED8E2968A6D600D1984D /* TertiaryStyle.swift in Sources */,
				8888EDBF296AF25500D1984D /* ControllerView.swift in Sources */,
				8888EDB7296AD45900D1984D /* InputConsoleView+Bindings.swift in Sources */,
			);
			runOnlyForDeploymentPostprocessing = 0;
		};
/* End PBXSourcesBuildPhase section */

/* Begin PBXTargetDependency section */
		885269692964FC66008A4963 /* PBXTargetDependency */ = {
			isa = PBXTargetDependency;
			target = 88B344582964936700ADE021 /* CustomTabBar */;
			targetProxy = 885269682964FC66008A4963 /* PBXContainerItemProxy */;
		};
/* End PBXTargetDependency section */

/* Begin XCBuildConfiguration section */
		8852696B2964FC66008A4963 /* Debug */ = {
			isa = XCBuildConfiguration;
			buildSettings = {
				BUNDLE_LOADER = "$(TEST_HOST)";
				CODE_SIGN_STYLE = Automatic;
				CURRENT_PROJECT_VERSION = 1;
				DEVELOPMENT_TEAM = AVFYFVKXZH;
				GENERATE_INFOPLIST_FILE = YES;
				IPHONEOS_DEPLOYMENT_TARGET = 16.2;
				MARKETING_VERSION = 1.0;
				PRODUCT_BUNDLE_IDENTIFIER = com.jedrzejcholuj.CustomTabBarTests;
				PRODUCT_NAME = "$(TARGET_NAME)";
				SDKROOT = iphoneos;
				SWIFT_EMIT_LOC_STRINGS = NO;
				SWIFT_VERSION = 5.0;
				TARGETED_DEVICE_FAMILY = "1,2";
				TEST_HOST = "$(BUILT_PRODUCTS_DIR)/CustomTabBar.app/$(BUNDLE_EXECUTABLE_FOLDER_PATH)/CustomTabBar";
			};
			name = Debug;
		};
		8852696C2964FC66008A4963 /* Release */ = {
			isa = XCBuildConfiguration;
			buildSettings = {
				BUNDLE_LOADER = "$(TEST_HOST)";
				CODE_SIGN_STYLE = Automatic;
				CURRENT_PROJECT_VERSION = 1;
				DEVELOPMENT_TEAM = AVFYFVKXZH;
				GENERATE_INFOPLIST_FILE = YES;
				IPHONEOS_DEPLOYMENT_TARGET = 16.2;
				MARKETING_VERSION = 1.0;
				PRODUCT_BUNDLE_IDENTIFIER = com.jedrzejcholuj.CustomTabBarTests;
				PRODUCT_NAME = "$(TARGET_NAME)";
				SDKROOT = iphoneos;
				SWIFT_EMIT_LOC_STRINGS = NO;
				SWIFT_VERSION = 5.0;
				TARGETED_DEVICE_FAMILY = "1,2";
				TEST_HOST = "$(BUILT_PRODUCTS_DIR)/CustomTabBar.app/$(BUNDLE_EXECUTABLE_FOLDER_PATH)/CustomTabBar";
				VALIDATE_PRODUCT = YES;
			};
			name = Release;
		};
		88B344662964936C00ADE021 /* Debug */ = {
			isa = XCBuildConfiguration;
			buildSettings = {
				ALWAYS_SEARCH_USER_PATHS = NO;
				CLANG_ANALYZER_NONNULL = YES;
				CLANG_ANALYZER_NUMBER_OBJECT_CONVERSION = YES_AGGRESSIVE;
				CLANG_CXX_LANGUAGE_STANDARD = "gnu++20";
				CLANG_ENABLE_MODULES = YES;
				CLANG_ENABLE_OBJC_ARC = YES;
				CLANG_ENABLE_OBJC_WEAK = YES;
				CLANG_WARN_BLOCK_CAPTURE_AUTORELEASING = YES;
				CLANG_WARN_BOOL_CONVERSION = YES;
				CLANG_WARN_COMMA = YES;
				CLANG_WARN_CONSTANT_CONVERSION = YES;
				CLANG_WARN_DEPRECATED_OBJC_IMPLEMENTATIONS = YES;
				CLANG_WARN_DIRECT_OBJC_ISA_USAGE = YES_ERROR;
				CLANG_WARN_DOCUMENTATION_COMMENTS = YES;
				CLANG_WARN_EMPTY_BODY = YES;
				CLANG_WARN_ENUM_CONVERSION = YES;
				CLANG_WARN_INFINITE_RECURSION = YES;
				CLANG_WARN_INT_CONVERSION = YES;
				CLANG_WARN_NON_LITERAL_NULL_CONVERSION = YES;
				CLANG_WARN_OBJC_IMPLICIT_RETAIN_SELF = YES;
				CLANG_WARN_OBJC_LITERAL_CONVERSION = YES;
				CLANG_WARN_OBJC_ROOT_CLASS = YES_ERROR;
				CLANG_WARN_QUOTED_INCLUDE_IN_FRAMEWORK_HEADER = YES;
				CLANG_WARN_RANGE_LOOP_ANALYSIS = YES;
				CLANG_WARN_STRICT_PROTOTYPES = YES;
				CLANG_WARN_SUSPICIOUS_MOVE = YES;
				CLANG_WARN_UNGUARDED_AVAILABILITY = YES_AGGRESSIVE;
				CLANG_WARN_UNREACHABLE_CODE = YES;
				CLANG_WARN__DUPLICATE_METHOD_MATCH = YES;
				COPY_PHASE_STRIP = NO;
				DEBUG_INFORMATION_FORMAT = dwarf;
				ENABLE_STRICT_OBJC_MSGSEND = YES;
				ENABLE_TESTABILITY = YES;
				GCC_C_LANGUAGE_STANDARD = gnu11;
				GCC_DYNAMIC_NO_PIC = NO;
				GCC_NO_COMMON_BLOCKS = YES;
				GCC_OPTIMIZATION_LEVEL = 0;
				GCC_PREPROCESSOR_DEFINITIONS = (
					"DEBUG=1",
					"$(inherited)",
				);
				GCC_WARN_64_TO_32_BIT_CONVERSION = YES;
				GCC_WARN_ABOUT_RETURN_TYPE = YES_ERROR;
				GCC_WARN_UNDECLARED_SELECTOR = YES;
				GCC_WARN_UNINITIALIZED_AUTOS = YES_AGGRESSIVE;
				GCC_WARN_UNUSED_FUNCTION = YES;
				GCC_WARN_UNUSED_VARIABLE = YES;
				MTL_ENABLE_DEBUG_INFO = INCLUDE_SOURCE;
				MTL_FAST_MATH = YES;
				ONLY_ACTIVE_ARCH = YES;
				SWIFT_ACTIVE_COMPILATION_CONDITIONS = DEBUG;
				SWIFT_OPTIMIZATION_LEVEL = "-Onone";
			};
			name = Debug;
		};
		88B344672964936C00ADE021 /* Release */ = {
			isa = XCBuildConfiguration;
			buildSettings = {
				ALWAYS_SEARCH_USER_PATHS = NO;
				CLANG_ANALYZER_NONNULL = YES;
				CLANG_ANALYZER_NUMBER_OBJECT_CONVERSION = YES_AGGRESSIVE;
				CLANG_CXX_LANGUAGE_STANDARD = "gnu++20";
				CLANG_ENABLE_MODULES = YES;
				CLANG_ENABLE_OBJC_ARC = YES;
				CLANG_ENABLE_OBJC_WEAK = YES;
				CLANG_WARN_BLOCK_CAPTURE_AUTORELEASING = YES;
				CLANG_WARN_BOOL_CONVERSION = YES;
				CLANG_WARN_COMMA = YES;
				CLANG_WARN_CONSTANT_CONVERSION = YES;
				CLANG_WARN_DEPRECATED_OBJC_IMPLEMENTATIONS = YES;
				CLANG_WARN_DIRECT_OBJC_ISA_USAGE = YES_ERROR;
				CLANG_WARN_DOCUMENTATION_COMMENTS = YES;
				CLANG_WARN_EMPTY_BODY = YES;
				CLANG_WARN_ENUM_CONVERSION = YES;
				CLANG_WARN_INFINITE_RECURSION = YES;
				CLANG_WARN_INT_CONVERSION = YES;
				CLANG_WARN_NON_LITERAL_NULL_CONVERSION = YES;
				CLANG_WARN_OBJC_IMPLICIT_RETAIN_SELF = YES;
				CLANG_WARN_OBJC_LITERAL_CONVERSION = YES;
				CLANG_WARN_OBJC_ROOT_CLASS = YES_ERROR;
				CLANG_WARN_QUOTED_INCLUDE_IN_FRAMEWORK_HEADER = YES;
				CLANG_WARN_RANGE_LOOP_ANALYSIS = YES;
				CLANG_WARN_STRICT_PROTOTYPES = YES;
				CLANG_WARN_SUSPICIOUS_MOVE = YES;
				CLANG_WARN_UNGUARDED_AVAILABILITY = YES_AGGRESSIVE;
				CLANG_WARN_UNREACHABLE_CODE = YES;
				CLANG_WARN__DUPLICATE_METHOD_MATCH = YES;
				COPY_PHASE_STRIP = NO;
				DEBUG_INFORMATION_FORMAT = "dwarf-with-dsym";
				ENABLE_NS_ASSERTIONS = NO;
				ENABLE_STRICT_OBJC_MSGSEND = YES;
				GCC_C_LANGUAGE_STANDARD = gnu11;
				GCC_NO_COMMON_BLOCKS = YES;
				GCC_WARN_64_TO_32_BIT_CONVERSION = YES;
				GCC_WARN_ABOUT_RETURN_TYPE = YES_ERROR;
				GCC_WARN_UNDECLARED_SELECTOR = YES;
				GCC_WARN_UNINITIALIZED_AUTOS = YES_AGGRESSIVE;
				GCC_WARN_UNUSED_FUNCTION = YES;
				GCC_WARN_UNUSED_VARIABLE = YES;
				MTL_ENABLE_DEBUG_INFO = NO;
				MTL_FAST_MATH = YES;
				SWIFT_COMPILATION_MODE = wholemodule;
				SWIFT_OPTIMIZATION_LEVEL = "-O";
			};
			name = Release;
		};
		88B344692964936C00ADE021 /* Debug */ = {
			isa = XCBuildConfiguration;
			buildSettings = {
				ASSETCATALOG_COMPILER_APPICON_NAME = AppIcon;
				ASSETCATALOG_COMPILER_GLOBAL_ACCENT_COLOR_NAME = AccentColor;
				CODE_SIGN_ENTITLEMENTS = CustomTabBar/CustomTabBar.entitlements;
				CODE_SIGN_STYLE = Automatic;
				CURRENT_PROJECT_VERSION = 1;
				DEVELOPMENT_ASSET_PATHS = "\"CustomTabBar/Preview Content\"";
				DEVELOPMENT_TEAM = AVFYFVKXZH;
				ENABLE_HARDENED_RUNTIME = YES;
				ENABLE_PREVIEWS = YES;
				GENERATE_INFOPLIST_FILE = YES;
				"INFOPLIST_KEY_UIApplicationSceneManifest_Generation[sdk=iphoneos*]" = YES;
				"INFOPLIST_KEY_UIApplicationSceneManifest_Generation[sdk=iphonesimulator*]" = YES;
				"INFOPLIST_KEY_UIApplicationSupportsIndirectInputEvents[sdk=iphoneos*]" = YES;
				"INFOPLIST_KEY_UIApplicationSupportsIndirectInputEvents[sdk=iphonesimulator*]" = YES;
				"INFOPLIST_KEY_UILaunchScreen_Generation[sdk=iphoneos*]" = YES;
				"INFOPLIST_KEY_UILaunchScreen_Generation[sdk=iphonesimulator*]" = YES;
				"INFOPLIST_KEY_UIStatusBarStyle[sdk=iphoneos*]" = UIStatusBarStyleDefault;
				"INFOPLIST_KEY_UIStatusBarStyle[sdk=iphonesimulator*]" = UIStatusBarStyleDefault;
				INFOPLIST_KEY_UISupportedInterfaceOrientations_iPad = "UIInterfaceOrientationPortrait UIInterfaceOrientationPortraitUpsideDown UIInterfaceOrientationLandscapeLeft UIInterfaceOrientationLandscapeRight";
				INFOPLIST_KEY_UISupportedInterfaceOrientations_iPhone = "UIInterfaceOrientationPortrait UIInterfaceOrientationLandscapeLeft UIInterfaceOrientationLandscapeRight";
				IPHONEOS_DEPLOYMENT_TARGET = 16.2;
				LD_RUNPATH_SEARCH_PATHS = "@executable_path/Frameworks";
				"LD_RUNPATH_SEARCH_PATHS[sdk=macosx*]" = "@executable_path/../Frameworks";
				MACOSX_DEPLOYMENT_TARGET = 12.5;
				MARKETING_VERSION = 1.0;
				PRODUCT_BUNDLE_IDENTIFIER = com.jedrzejcholuj.CustomTabBar;
				PRODUCT_NAME = "$(TARGET_NAME)";
				SDKROOT = auto;
				SUPPORTED_PLATFORMS = "iphoneos iphonesimulator macosx";
				SWIFT_EMIT_LOC_STRINGS = YES;
				SWIFT_VERSION = 5.0;
				TARGETED_DEVICE_FAMILY = "1,2";
			};
			name = Debug;
		};
		88B3446A2964936C00ADE021 /* Release */ = {
			isa = XCBuildConfiguration;
			buildSettings = {
				ASSETCATALOG_COMPILER_APPICON_NAME = AppIcon;
				ASSETCATALOG_COMPILER_GLOBAL_ACCENT_COLOR_NAME = AccentColor;
				CODE_SIGN_ENTITLEMENTS = CustomTabBar/CustomTabBar.entitlements;
				CODE_SIGN_STYLE = Automatic;
				CURRENT_PROJECT_VERSION = 1;
				DEVELOPMENT_ASSET_PATHS = "\"CustomTabBar/Preview Content\"";
				DEVELOPMENT_TEAM = AVFYFVKXZH;
				ENABLE_HARDENED_RUNTIME = YES;
				ENABLE_PREVIEWS = YES;
				GENERATE_INFOPLIST_FILE = YES;
				"INFOPLIST_KEY_UIApplicationSceneManifest_Generation[sdk=iphoneos*]" = YES;
				"INFOPLIST_KEY_UIApplicationSceneManifest_Generation[sdk=iphonesimulator*]" = YES;
				"INFOPLIST_KEY_UIApplicationSupportsIndirectInputEvents[sdk=iphoneos*]" = YES;
				"INFOPLIST_KEY_UIApplicationSupportsIndirectInputEvents[sdk=iphonesimulator*]" = YES;
				"INFOPLIST_KEY_UILaunchScreen_Generation[sdk=iphoneos*]" = YES;
				"INFOPLIST_KEY_UILaunchScreen_Generation[sdk=iphonesimulator*]" = YES;
				"INFOPLIST_KEY_UIStatusBarStyle[sdk=iphoneos*]" = UIStatusBarStyleDefault;
				"INFOPLIST_KEY_UIStatusBarStyle[sdk=iphonesimulator*]" = UIStatusBarStyleDefault;
				INFOPLIST_KEY_UISupportedInterfaceOrientations_iPad = "UIInterfaceOrientationPortrait UIInterfaceOrientationPortraitUpsideDown UIInterfaceOrientationLandscapeLeft UIInterfaceOrientationLandscapeRight";
				INFOPLIST_KEY_UISupportedInterfaceOrientations_iPhone = "UIInterfaceOrientationPortrait UIInterfaceOrientationLandscapeLeft UIInterfaceOrientationLandscapeRight";
				IPHONEOS_DEPLOYMENT_TARGET = 16.2;
				LD_RUNPATH_SEARCH_PATHS = "@executable_path/Frameworks";
				"LD_RUNPATH_SEARCH_PATHS[sdk=macosx*]" = "@executable_path/../Frameworks";
				MACOSX_DEPLOYMENT_TARGET = 12.5;
				MARKETING_VERSION = 1.0;
				PRODUCT_BUNDLE_IDENTIFIER = com.jedrzejcholuj.CustomTabBar;
				PRODUCT_NAME = "$(TARGET_NAME)";
				SDKROOT = auto;
				SUPPORTED_PLATFORMS = "iphoneos iphonesimulator macosx";
				SWIFT_EMIT_LOC_STRINGS = YES;
				SWIFT_VERSION = 5.0;
				TARGETED_DEVICE_FAMILY = "1,2";
			};
			name = Release;
		};
/* End XCBuildConfiguration section */

/* Begin XCConfigurationList section */
		8852696A2964FC66008A4963 /* Build configuration list for PBXNativeTarget "CustomTabBarTests" */ = {
			isa = XCConfigurationList;
			buildConfigurations = (
				8852696B2964FC66008A4963 /* Debug */,
				8852696C2964FC66008A4963 /* Release */,
			);
			defaultConfigurationIsVisible = 0;
			defaultConfigurationName = Release;
		};
		88B344542964936700ADE021 /* Build configuration list for PBXProject "CustomTabBar" */ = {
			isa = XCConfigurationList;
			buildConfigurations = (
				88B344662964936C00ADE021 /* Debug */,
				88B344672964936C00ADE021 /* Release */,
			);
			defaultConfigurationIsVisible = 0;
			defaultConfigurationName = Release;
		};
		88B344682964936C00ADE021 /* Build configuration list for PBXNativeTarget "CustomTabBar" */ = {
			isa = XCConfigurationList;
			buildConfigurations = (
				88B344692964936C00ADE021 /* Debug */,
				88B3446A2964936C00ADE021 /* Release */,
			);
			defaultConfigurationIsVisible = 0;
			defaultConfigurationName = Release;
		};
/* End XCConfigurationList section */

/* Begin XCRemoteSwiftPackageReference section */
		8888ED922969643D00D1984D /* XCRemoteSwiftPackageReference "swift-composable-architecture" */ = {
			isa = XCRemoteSwiftPackageReference;
			repositoryURL = "https://github.com/pointfreeco/swift-composable-architecture";
			requirement = {
				kind = upToNextMajorVersion;
				minimumVersion = 0.9.0;
			};
		};
/* End XCRemoteSwiftPackageReference section */

/* Begin XCSwiftPackageProductDependency section */
		8888ED932969643D00D1984D /* ComposableArchitecture */ = {
			isa = XCSwiftPackageProductDependency;
			package = 8888ED922969643D00D1984D /* XCRemoteSwiftPackageReference "swift-composable-architecture" */;
			productName = ComposableArchitecture;
		};
		8888ED952969643D00D1984D /* Dependencies */ = {
			isa = XCSwiftPackageProductDependency;
			package = 8888ED922969643D00D1984D /* XCRemoteSwiftPackageReference "swift-composable-architecture" */;
			productName = Dependencies;
		};
/* End XCSwiftPackageProductDependency section */
	};
	rootObject = 88B344512964936700ADE021 /* Project object */;
}
